hash: b129427191437f7e3426801286b098e0a361ae898183a106a1499d00be20b7c3
updated: 2018-08-26T19:24:26.339202-07:00
imports:
- name: github.com/buaazp/fasthttprouter
  version: ade4e2031af3aed7fffd241084aad80a58faf421
- name: github.com/coreos/etcd
  version: af85949b416547ed0989b396a28fe77f65978828
  subpackages:
  - auth/authpb
  - clientv3
  - clientv3/balancer
  - clientv3/balancer/picker
  - clientv3/balancer/resolver/endpoint
  - etcdserver/api/v3rpc/rpctypes
  - etcdserver/etcdserverpb
  - mvcc/mvccpb
  - pkg/logutil
  - pkg/systemd
  - pkg/types
  - raft
  - raft/raftpb
- name: github.com/coreos/go-systemd
  version: 88bfeed483d372fa1298dd859662e4b9a13d68cb
  subpackages:
  - journal
- name: github.com/coreos/pkg
  version: 97fdf19511ea361ae1c100dd393cc47f8dcfa1e1
  subpackages:
  - capnslog
- name: github.com/gogo/protobuf
  version: 98f6aa8b3bcf03e45b1a8b48257c754766d5c3c8
  subpackages:
  - gogoproto
  - proto
  - protoc-gen-gogo/descriptor
- name: github.com/golang/protobuf
  version: b27b920f9e71b439b873b17bf99f56467623814a
  subpackages:
  - proto
  - ptypes
  - ptypes/any
  - ptypes/duration
  - ptypes/timestamp
- name: github.com/golang/snappy
  version: 2e65f85255dbc3072edf28d6b5b8efc472979f5a
- name: github.com/grpc-ecosystem/go-grpc-middleware
  version: 15ea7401d63d2d8c2f17472d22359564615a9f7a
  subpackages:
  - util/backoffutils
- name: github.com/hashicorp/errwrap
  version: 8a6fb523712970c966eefc6b39ed2c5e74880354
- name: github.com/hashicorp/go-cleanhttp
  version: d5fe4b57a186c716b0e00b8c301cbd9b4182694d
- name: github.com/hashicorp/go-multierror
  version: 886a7fbe3eb1c874d46f623bfa70af45f425b3d1
- name: github.com/hashicorp/go-retryablehttp
  version: e651d75abec6fbd4f2c09508f72ae7af8a8b7171
- name: github.com/hashicorp/go-rootcerts
  version: 6bb64b370b90e7ef1fa532be9e591a81c3493e00
- name: github.com/hashicorp/go-sockaddr
  version: 6d291a969b86c4b633730bfc6b8b9d64c3aafed9
- name: github.com/hashicorp/hcl
  version: 8cb6e5b959231cc1119e43259c4a608f9c51a241
  subpackages:
  - hcl/ast
  - hcl/parser
  - hcl/scanner
  - hcl/strconv
  - hcl/token
  - json/parser
  - json/scanner
  - json/token
- name: github.com/hashicorp/vault
  version: fc66bb3d71e9d22172920d65b27bbfec81b57f45
  subpackages:
  - api
  - helper/compressutil
  - helper/consts
  - helper/hclutil
  - helper/jsonutil
  - helper/parseutil
  - helper/strutil
- name: github.com/jackc/pgx
  version: 89f1e6ac7276b61d885db5e5aed6fcbedd1c7e31
- name: github.com/klauspost/compress
  version: b50017755d442260d792c34c7c43216d9ba7ffc7
  subpackages:
  - flate
  - gzip
  - zlib
- name: github.com/klauspost/cpuid
  version: e7e905edc00ea8827e58662220139109efea09db
- name: github.com/lib/pq
  version: 4ded0e9383f75c197b3a2aaa6d590ac52df6fd79
  subpackages:
  - oid
- name: github.com/mitchellh/go-homedir
  version: ae18d6b8b3205b561c79e8e5f69bff09736185f4
- name: github.com/mitchellh/mapstructure
  version: fa473d140ef3c6adf42d6b391fe76707f1f243c8
- name: github.com/ryanuber/go-glob
  version: 256dc444b735e061061cf46c809487313d5b0065
- name: github.com/segmentio/conf
  version: a2a7fb2aaa3c99893d06150d50195c0be197f5d5
- name: github.com/segmentio/fasthash
  version: a72b379d632eab4b49e4f4b2c765cfebf0a74796
  subpackages:
  - jody
- name: github.com/segmentio/go-snakecase
  version: af59cb399f9e0d53e5231e6382e064e034d9948f
- name: github.com/segmentio/ksuid
  version: 112f929a3020abfcd06b77c963ec919130796a35
- name: github.com/segmentio/objconv
  version: 61cd5fa679277953f684db7c5463015771b22379
  subpackages:
  - adapters
  - adapters/net
  - adapters/net/mail
  - adapters/net/url
  - json
  - objutil
  - resp
  - yaml
- name: github.com/segmentio/redis-go
  version: c1837d9e9680b6f90d02f359e2bc00e475ab5cb4
- name: github.com/valyala/bytebufferpool
  version: e746df99fe4a3986f4d4f79e13c1e0117ce9c2f7
- name: github.com/valyala/fasthttp
  version: e5f51c11919d4f66400334047b897ef0a94c6f3c
  subpackages:
  - fasthttputil
  - stackless
- name: go.uber.org/atomic
  version: 1ea20fb1cbb1cc08cbd0d913a96dead89aa18289
- name: go.uber.org/multierr
  version: 3c4937480c32f4c13a875a1829af76c98ca3d40a
- name: go.uber.org/zap
  version: 67bc79d13d155c02fd008f721863ff8cc5f30659
  subpackages:
  - buffer
  - internal/bufferpool
  - internal/color
  - internal/exit
  - zapcore
- name: golang.org/x/net
  version: 8a410e7b638dca158bf9e766925842f6651ff828
  subpackages:
  - context
  - http/httpguts
  - http2
  - http2/hpack
  - idna
  - internal/timeseries
  - trace
- name: golang.org/x/sys
  version: 4910a1d54f876d7b22162a85f4d066d3ee649450
  subpackages:
  - unix
- name: golang.org/x/text
  version: 6e3c4e7365ddcc329f090f96e4348398f6310088
  subpackages:
  - secure/bidirule
  - transform
  - unicode/bidi
  - unicode/norm
- name: golang.org/x/time
  version: fbb02b2291d28baffd63558aa44b4b56f178d650
  subpackages:
  - rate
- name: google.golang.org/genproto
  version: c66870c02cf823ceb633bcd05be3c7cda29976f4
  subpackages:
  - googleapis/rpc/status
- name: google.golang.org/grpc
  version: e00d24941bcee35dd163f4377d5371349f14baaf
  subpackages:
  - balancer
  - balancer/base
  - balancer/roundrobin
  - codes
  - connectivity
  - credentials
  - encoding
  - encoding/proto
  - grpclog
  - health/grpc_health_v1
  - internal
  - internal/backoff
  - internal/channelz
  - internal/envconfig
  - internal/grpcrand
  - internal/transport
  - keepalive
  - metadata
  - naming
  - peer
  - resolver
  - resolver/dns
  - resolver/passthrough
  - stats
  - status
  - tap
- name: gopkg.in/go-playground/mold.v2
  version: 6bc20ce40733e8e04c2fda4523a957dd8e198948
  subpackages:
  - modifiers
- name: gopkg.in/validator.v2
  version: 135c24b11c19e52befcae2ec3fca5d9b78c4e98e
- name: gopkg.in/yaml.v2
  version: 5420a8b6744d3b0345ab293f6fcba19c978f1183
testImports: []
